
Microsoft Visual Studio Solution File, Format Version 12.00
# Visual Studio Version 17
VisualStudioVersion = 17.6.33801.468
MinimumVisualStudioVersion = 10.0.40219.1
Project("{9A19103F-16F7-4668-BE54-9A1E7A4F7556}") = "AutomacaoRecursosHumanos", "AutomacaoRecursosHumanos\AutomacaoRecursosHumanos.csproj", "{ABA5354A-F487-4BF8-9FD6-0D4DD12C13D4}"
EndProject
Project("{9A19103F-16F7-4668-BE54-9A1E7A4F7556}") = "AutomacaoRecursosHumanos.Business", "AutomacaoRecursosHumanos.Business\AutomacaoRecursosHumanos.Business.csproj", "{D25F0B2B-A4AA-43B9-91C6-FA4DD873772E}"
EndProject
Global
	GlobalSection(SolutionConfigurationPlatforms) = preSolution
		Debug|Any CPU = Debug|Any CPU
		Release|Any CPU = Release|Any CPU
	EndGlobalSection
	GlobalSection(ProjectConfigurationPlatforms) = postSolution
		{ABA5354A-F487-4BF8-9FD6-0D4DD12C13D4}.Debug|Any CPU.ActiveCfg = Debug|Any CPU
		{ABA5354A-F487-4BF8-9FD6-0D4DD12C13D4}.Debug|Any CPU.Build.0 = Debug|Any CPU
		{ABA5354A-F487-4BF8-9FD6-0D4DD12C13D4}.Release|Any CPU.ActiveCfg = Release|Any CPU
		{ABA5354A-F487-4BF8-9FD6-0D4DD12C13D4}.Release|Any CPU.Build.0 = Release|Any CPU
		{D25F0B2B-A4AA-43B9-91C6-FA4DD873772E}.Debug|Any CPU.ActiveCfg = Debug|Any CPU
		{D25F0B2B-A4AA-43B9-91C6-FA4DD873772E}.Debug|Any CPU.Build.0 = Debug|Any CPU
		{D25F0B2B-A4AA-43B9-91C6-FA4DD873772E}.Release|Any CPU.ActiveCfg = Release|Any CPU
		{D25F0B2B-A4AA-43B9-91C6-FA4DD873772E}.Release|Any CPU.Build.0 = Release|Any CPU
	EndGlobalSection
	GlobalSection(SolutionProperties) = preSolution
		HideSolutionNode = FALSE
	EndGlobalSection
	GlobalSection(ExtensibilityGlobals) = postSolution
		SolutionGuid = {48D5E5B7-A350-44A9-B67C-E2C02998D835}
	EndGlobalSection
EndGlobal
